
Microsoft Visual Studio Solution File, Format Version 12.00
# Visual Studio 15
VisualStudioVersion = 15.0.27703.2042
MinimumVisualStudioVersion = 10.0.40219.1
Project("{FAE04EC0-301F-11D3-BF4B-00C04F79EFBC}") = "SchoolDocile", "SchoolDocile\SchoolDocile.csproj", "{683DD010-624D-4CD9-BA8E-E2CC22C0D88C}"
EndProject
Global
	GlobalSection(SolutionConfigurationPlatforms) = preSolution
		Debug|Any CPU = Debug|Any CPU
		Release|Any CPU = Release|Any CPU
	EndGlobalSection
	GlobalSection(ProjectConfigurationPlatforms) = postSolution
		{683DD010-624D-4CD9-BA8E-E2CC22C0D88C}.Debug|Any CPU.ActiveCfg = Debug|Any CPU
		{683DD010-624D-4CD9-BA8E-E2CC22C0D88C}.Debug|Any CPU.Build.0 = Debug|Any CPU
		{683DD010-624D-4CD9-BA8E-E2CC22C0D88C}.Release|Any CPU.ActiveCfg = Release|Any CPU
		{683DD010-624D-4CD9-BA8E-E2CC22C0D88C}.Release|Any CPU.Build.0 = Release|Any CPU
	EndGlobalSection
	GlobalSection(SolutionProperties) = preSolution
		HideSolutionNode = FALSE
	EndGlobalSection
	GlobalSection(ExtensibilityGlobals) = postSolution
		SolutionGuid = {AD7E45D1-3D39-4D13-BDE0-31CB22A85433}
	EndGlobalSection
EndGlobal
